
Microsoft Visual Studio Solution File, Format Version 12.00
# Visual Studio 14
VisualStudioVersion = 14.0.25123.0
MinimumVisualStudioVersion = 10.0.40219.1
Project("{8BC9CEB8-8B4A-11D0-8D11-00A0C91BC942}") = "01-MathReview", "01-MathReview\01-MathReview.vcxproj", "{55238CC8-1F20-4E18-9F00-466CDF14DADB}"
EndProject
Project("{8BC9CEB8-8B4A-11D0-8D11-00A0C91BC942}") = "MathLib", "MathLib\MathLib.vcxproj", "{711EC571-3DE7-45D1-A68A-98ECA0F1A259}"
EndProject
Project("{8BC9CEB8-8B4A-11D0-8D11-00A0C91BC942}") = "X-TestSpace", "X-TestSpace\X-TestSpace.vcxproj", "{02068ED1-EA57-4E17-96E6-26D96EEEE3B7}"
	ProjectSection(ProjectDependencies) = postProject
		{711EC571-3DE7-45D1-A68A-98ECA0F1A259} = {711EC571-3DE7-45D1-A68A-98ECA0F1A259}
	EndProjectSection
EndProject
Project("{8BC9CEB8-8B4A-11D0-8D11-00A0C91BC942}") = "X-SFW-Test", "X-SFW-Test\X-SFW-Test.vcxproj", "{B6871497-7239-4353-8D9F-E59397EF5D85}"
	ProjectSection(ProjectDependencies) = postProject
		{711EC571-3DE7-45D1-A68A-98ECA0F1A259} = {711EC571-3DE7-45D1-A68A-98ECA0F1A259}
	EndProjectSection
EndProject
Project("{8BC9CEB8-8B4A-11D0-8D11-00A0C91BC942}") = "The Reflection Princple", "The Reflection Princple\The Reflection Princple.vcxproj", "{0354D1E0-D39D-4DEC-93A1-B225E46163F3}"
	ProjectSection(ProjectDependencies) = postProject
		{E61CB959-B1D0-4561-A7AB-26F29210A220} = {E61CB959-B1D0-4561-A7AB-26F29210A220}
		{711EC571-3DE7-45D1-A68A-98ECA0F1A259} = {711EC571-3DE7-45D1-A68A-98ECA0F1A259}
	EndProjectSection
EndProject
Project("{8BC9CEB8-8B4A-11D0-8D11-00A0C91BC942}") = "AlphaGE", "AlphaGE\AlphaGE.vcxproj", "{E61CB959-B1D0-4561-A7AB-26F29210A220}"
	ProjectSection(ProjectDependencies) = postProject
		{711EC571-3DE7-45D1-A68A-98ECA0F1A259} = {711EC571-3DE7-45D1-A68A-98ECA0F1A259}
	EndProjectSection
EndProject
Global
	GlobalSection(SolutionConfigurationPlatforms) = preSolution
		Debug|x64 = Debug|x64
		Debug|x86 = Debug|x86
		Release|x64 = Release|x64
		Release|x86 = Release|x86
	EndGlobalSection
	GlobalSection(ProjectConfigurationPlatforms) = postSolution
		{55238CC8-1F20-4E18-9F00-466CDF14DADB}.Debug|x64.ActiveCfg = Debug|x64
		{55238CC8-1F20-4E18-9F00-466CDF14DADB}.Debug|x64.Build.0 = Debug|x64
		{55238CC8-1F20-4E18-9F00-466CDF14DADB}.Debug|x86.ActiveCfg = Debug|Win32
		{55238CC8-1F20-4E18-9F00-466CDF14DADB}.Debug|x86.Build.0 = Debug|Win32
		{55238CC8-1F20-4E18-9F00-466CDF14DADB}.Release|x64.ActiveCfg = Release|x64
		{55238CC8-1F20-4E18-9F00-466CDF14DADB}.Release|x64.Build.0 = Release|x64
		{55238CC8-1F20-4E18-9F00-466CDF14DADB}.Release|x86.ActiveCfg = Release|Win32
		{55238CC8-1F20-4E18-9F00-466CDF14DADB}.Release|x86.Build.0 = Release|Win32
		{711EC571-3DE7-45D1-A68A-98ECA0F1A259}.Debug|x64.ActiveCfg = Debug|x64
		{711EC571-3DE7-45D1-A68A-98ECA0F1A259}.Debug|x64.Build.0 = Debug|x64
		{711EC571-3DE7-45D1-A68A-98ECA0F1A259}.Debug|x86.ActiveCfg = Debug|Win32
		{711EC571-3DE7-45D1-A68A-98ECA0F1A259}.Debug|x86.Build.0 = Debug|Win32
		{711EC571-3DE7-45D1-A68A-98ECA0F1A259}.Release|x64.ActiveCfg = Release|x64
		{711EC571-3DE7-45D1-A68A-98ECA0F1A259}.Release|x64.Build.0 = Release|x64
		{711EC571-3DE7-45D1-A68A-98ECA0F1A259}.Release|x86.ActiveCfg = Release|Win32
		{711EC571-3DE7-45D1-A68A-98ECA0F1A259}.Release|x86.Build.0 = Release|Win32
		{02068ED1-EA57-4E17-96E6-26D96EEEE3B7}.Debug|x64.ActiveCfg = Debug|x64
		{02068ED1-EA57-4E17-96E6-26D96EEEE3B7}.Debug|x64.Build.0 = Debug|x64
		{02068ED1-EA57-4E17-96E6-26D96EEEE3B7}.Debug|x86.ActiveCfg = Debug|Win32
		{02068ED1-EA57-4E17-96E6-26D96EEEE3B7}.Debug|x86.Build.0 = Debug|Win32
		{02068ED1-EA57-4E17-96E6-26D96EEEE3B7}.Release|x64.ActiveCfg = Release|x64
		{02068ED1-EA57-4E17-96E6-26D96EEEE3B7}.Release|x64.Build.0 = Release|x64
		{02068ED1-EA57-4E17-96E6-26D96EEEE3B7}.Release|x86.ActiveCfg = Release|Win32
		{02068ED1-EA57-4E17-96E6-26D96EEEE3B7}.Release|x86.Build.0 = Release|Win32
		{B6871497-7239-4353-8D9F-E59397EF5D85}.Debug|x64.ActiveCfg = Debug|x64
		{B6871497-7239-4353-8D9F-E59397EF5D85}.Debug|x64.Build.0 = Debug|x64
		{B6871497-7239-4353-8D9F-E59397EF5D85}.Debug|x86.ActiveCfg = Debug|Win32
		{B6871497-7239-4353-8D9F-E59397EF5D85}.Debug|x86.Build.0 = Debug|Win32
		{B6871497-7239-4353-8D9F-E59397EF5D85}.Release|x64.ActiveCfg = Release|x64
		{B6871497-7239-4353-8D9F-E59397EF5D85}.Release|x64.Build.0 = Release|x64
		{B6871497-7239-4353-8D9F-E59397EF5D85}.Release|x86.ActiveCfg = Release|Win32
		{B6871497-7239-4353-8D9F-E59397EF5D85}.Release|x86.Build.0 = Release|Win32
		{0354D1E0-D39D-4DEC-93A1-B225E46163F3}.Debug|x64.ActiveCfg = Debug|x64
		{0354D1E0-D39D-4DEC-93A1-B225E46163F3}.Debug|x64.Build.0 = Debug|x64
		{0354D1E0-D39D-4DEC-93A1-B225E46163F3}.Debug|x86.ActiveCfg = Debug|Win32
		{0354D1E0-D39D-4DEC-93A1-B225E46163F3}.Debug|x86.Build.0 = Debug|Win32
		{0354D1E0-D39D-4DEC-93A1-B225E46163F3}.Release|x64.ActiveCfg = Release|x64
		{0354D1E0-D39D-4DEC-93A1-B225E46163F3}.Release|x64.Build.0 = Release|x64
		{0354D1E0-D39D-4DEC-93A1-B225E46163F3}.Release|x86.ActiveCfg = Release|Win32
		{0354D1E0-D39D-4DEC-93A1-B225E46163F3}.Release|x86.Build.0 = Release|Win32
		{E61CB959-B1D0-4561-A7AB-26F29210A220}.Debug|x64.ActiveCfg = Debug|x64
		{E61CB959-B1D0-4561-A7AB-26F29210A220}.Debug|x64.Build.0 = Debug|x64
		{E61CB959-B1D0-4561-A7AB-26F29210A220}.Debug|x86.ActiveCfg = Debug|Win32
		{E61CB959-B1D0-4561-A7AB-26F29210A220}.Debug|x86.Build.0 = Debug|Win32
		{E61CB959-B1D0-4561-A7AB-26F29210A220}.Release|x64.ActiveCfg = Release|x64
		{E61CB959-B1D0-4561-A7AB-26F29210A220}.Release|x64.Build.0 = Release|x64
		{E61CB959-B1D0-4561-A7AB-26F29210A220}.Release|x86.ActiveCfg = Release|Win32
		{E61CB959-B1D0-4561-A7AB-26F29210A220}.Release|x86.Build.0 = Release|Win32
	EndGlobalSection
	GlobalSection(SolutionProperties) = preSolution
		HideSolutionNode = FALSE
	EndGlobalSection
EndGlobal
